// !$*UTF8*$!
{
	archiveVersion = 1;
	classes = {
	};
	objectVersion = 46;
	objects = {

/* Begin PBXBuildFile section */
		BB2688F5F260BA5919C46ABB /* libPods-TelstraAssignment.a in Frameworks */ = {isa = PBXBuildFile; fileRef = 1388DF7DBF8548495A13D8A1 /* libPods-TelstraAssignment.a */; };
		E13DE42B1E384D4400F11DD3 /* LazyLoadTableView.m in Sources */ = {isa = PBXBuildFile; fileRef = E13DE42A1E384D4400F11DD3 /* LazyLoadTableView.m */; };
		E15294E41E384180000E6D69 /* main.m in Sources */ = {isa = PBXBuildFile; fileRef = E15294E31E384180000E6D69 /* main.m */; };
		E15294E71E384180000E6D69 /* AppDelegate.m in Sources */ = {isa = PBXBuildFile; fileRef = E15294E61E384180000E6D69 /* AppDelegate.m */; };
		E15294EA1E384180000E6D69 /* ViewController.m in Sources */ = {isa = PBXBuildFile; fileRef = E15294E91E384180000E6D69 /* ViewController.m */; };
		E15294ED1E384180000E6D69 /* Main.storyboard in Resources */ = {isa = PBXBuildFile; fileRef = E15294EB1E384180000E6D69 /* Main.storyboard */; };
		E15294EF1E384180000E6D69 /* Assets.xcassets in Resources */ = {isa = PBXBuildFile; fileRef = E15294EE1E384180000E6D69 /* Assets.xcassets */; };
		E15294F21E384180000E6D69 /* LaunchScreen.storyboard in Resources */ = {isa = PBXBuildFile; fileRef = E15294F01E384180000E6D69 /* LaunchScreen.storyboard */; };
		E15954A31E3943BE00562513 /* TableData.m in Sources */ = {isa = PBXBuildFile; fileRef = E15954A21E3943BE00562513 /* TableData.m */; };
		E1E10EDC1E39258900C7A4F8 /* ConnectionHandler.m in Sources */ = {isa = PBXBuildFile; fileRef = E1E10EDB1E39258900C7A4F8 /* ConnectionHandler.m */; };
		E1E10EE71E392B9900C7A4F8 /* SystemConfiguration.framework in Frameworks */ = {isa = PBXBuildFile; fileRef = E1E10EE61E392B9900C7A4F8 /* SystemConfiguration.framework */; };
/* End PBXBuildFile section */

/* Begin PBXFileReference section */
		1388DF7DBF8548495A13D8A1 /* libPods-TelstraAssignment.a */ = {isa = PBXFileReference; explicitFileType = archive.ar; includeInIndex = 0; path = "libPods-TelstraAssignment.a"; sourceTree = BUILT_PRODUCTS_DIR; };
		7D9DB840B6EFF537028A0450 /* Pods-TelstraAssignment.debug.xcconfig */ = {isa = PBXFileReference; includeInIndex = 1; lastKnownFileType = text.xcconfig; name = "Pods-TelstraAssignment.debug.xcconfig"; path = "Pods/Target Support Files/Pods-TelstraAssignment/Pods-TelstraAssignment.debug.xcconfig"; sourceTree = "<group>"; };
		A6635E4C8DCE014E9BFE5695 /* Pods-TelstraAssignment.release.xcconfig */ = {isa = PBXFileReference; includeInIndex = 1; lastKnownFileType = text.xcconfig; name = "Pods-TelstraAssignment.release.xcconfig"; path = "Pods/Target Support Files/Pods-TelstraAssignment/Pods-TelstraAssignment.release.xcconfig"; sourceTree = "<group>"; };
		E13DE42A1E384D4400F11DD3 /* LazyLoadTableView.m */ = {isa = PBXFileReference; fileEncoding = 4; lastKnownFileType = sourcecode.c.objc; path = LazyLoadTableView.m; sourceTree = "<group>"; };
		E13DE42C1E384D5F00F11DD3 /* LazyLoadTableView.h */ = {isa = PBXFileReference; lastKnownFileType = sourcecode.c.h; path = LazyLoadTableView.h; sourceTree = "<group>"; };
		E13DE42D1E385AEC00F11DD3 /* Constant.h */ = {isa = PBXFileReference; lastKnownFileType = sourcecode.c.h; path = Constant.h; sourceTree = "<group>"; };
		E15294DF1E38417F000E6D69 /* TelstraAssignment.app */ = {isa = PBXFileReference; explicitFileType = wrapper.application; includeInIndex = 0; path = TelstraAssignment.app; sourceTree = BUILT_PRODUCTS_DIR; };
		E15294E31E384180000E6D69 /* main.m */ = {isa = PBXFileReference; lastKnownFileType = sourcecode.c.objc; path = main.m; sourceTree = "<group>"; };
		E15294E51E384180000E6D69 /* AppDelegate.h */ = {isa = PBXFileReference; lastKnownFileType = sourcecode.c.h; path = AppDelegate.h; sourceTree = "<group>"; };
		E15294E61E384180000E6D69 /* AppDelegate.m */ = {isa = PBXFileReference; lastKnownFileType = sourcecode.c.objc; path = AppDelegate.m; sourceTree = "<group>"; };
		E15294E81E384180000E6D69 /* ViewController.h */ = {isa = PBXFileReference; lastKnownFileType = sourcecode.c.h; path = ViewController.h; sourceTree = "<group>"; };
		E15294E91E384180000E6D69 /* ViewController.m */ = {isa = PBXFileReference; lastKnownFileType = sourcecode.c.objc; path = ViewController.m; sourceTree = "<group>"; };
		E15294EC1E384180000E6D69 /* Base */ = {isa = PBXFileReference; lastKnownFileType = file.storyboard; name = Base; path = Base.lproj/Main.storyboard; sourceTree = "<group>"; };
		E15294EE1E384180000E6D69 /* Assets.xcassets */ = {isa = PBXFileReference; lastKnownFileType = folder.assetcatalog; path = Assets.xcassets; sourceTree = "<group>"; };
		E15294F11E384180000E6D69 /* Base */ = {isa = PBXFileReference; lastKnownFileType = file.storyboard; name = Base; path = Base.lproj/LaunchScreen.storyboard; sourceTree = "<group>"; };
		E15294F31E384180000E6D69 /* Info.plist */ = {isa = PBXFileReference; lastKnownFileType = text.plist.xml; path = Info.plist; sourceTree = "<group>"; };
		E15954A21E3943BE00562513 /* TableData.m */ = {isa = PBXFileReference; fileEncoding = 4; lastKnownFileType = sourcecode.c.objc; name = TableData.m; path = ../TableData.m; sourceTree = "<group>"; };
		E15954A41E3943CD00562513 /* TableData.h */ = {isa = PBXFileReference; lastKnownFileType = sourcecode.c.h; name = TableData.h; path = ../TableData.h; sourceTree = "<group>"; };
		E1E10EDB1E39258900C7A4F8 /* ConnectionHandler.m */ = {isa = PBXFileReference; fileEncoding = 4; lastKnownFileType = sourcecode.c.objc; path = ConnectionHandler.m; sourceTree = "<group>"; };
		E1E10EDD1E3925E400C7A4F8 /* ConnectionHandler.h */ = {isa = PBXFileReference; lastKnownFileType = sourcecode.c.h; path = ConnectionHandler.h; sourceTree = "<group>"; };
		E1E10EE61E392B9900C7A4F8 /* SystemConfiguration.framework */ = {isa = PBXFileReference; lastKnownFileType = wrapper.framework; name = SystemConfiguration.framework; path = System/Library/Frameworks/SystemConfiguration.framework; sourceTree = SDKROOT; };
/* End PBXFileReference section */

/* Begin PBXFrameworksBuildPhase section */
		E15294DC1E38417F000E6D69 /* Frameworks */ = {
			isa = PBXFrameworksBuildPhase;
			buildActionMask = 2147483647;
			files = (
				E1E10EE71E392B9900C7A4F8 /* SystemConfiguration.framework in Frameworks */,
				BB2688F5F260BA5919C46ABB /* libPods-TelstraAssignment.a in Frameworks */,
			);
			runOnlyForDeploymentPostprocessing = 0;
		};
/* End PBXFrameworksBuildPhase section */

/* Begin PBXGroup section */
		11A74CEB5FD44C1F89464CA2 /* Pods */ = {
			isa = PBXGroup;
			children = (
				7D9DB840B6EFF537028A0450 /* Pods-TelstraAssignment.debug.xcconfig */,
				A6635E4C8DCE014E9BFE5695 /* Pods-TelstraAssignment.release.xcconfig */,
			);
			name = Pods;
			sourceTree = "<group>";
		};
		E13DE4241E384C8600F11DD3 /* ViewControllers */ = {
			isa = PBXGroup;
			children = (
				E13DE42C1E384D5F00F11DD3 /* LazyLoadTableView.h */,
				E13DE42A1E384D4400F11DD3 /* LazyLoadTableView.m */,
			);
			name = ViewControllers;
			sourceTree = "<group>";
		};
		E13DE4271E384CA800F11DD3 /* CustomViews */ = {
			isa = PBXGroup;
			children = (
			);
			name = CustomViews;
			sourceTree = "<group>";
		};
		E13DE4281E384CD100F11DD3 /* Handlers */ = {
			isa = PBXGroup;
			children = (
				E1E10EDD1E3925E400C7A4F8 /* ConnectionHandler.h */,
				E1E10EDB1E39258900C7A4F8 /* ConnectionHandler.m */,
			);
			name = Handlers;
			sourceTree = "<group>";
		};
		E13DE4291E384CE000F11DD3 /* Models */ = {
			isa = PBXGroup;
			children = (
				E15954A41E3943CD00562513 /* TableData.h */,
				E15954A21E3943BE00562513 /* TableData.m */,
			);
			name = Models;
			sourceTree = "<group>";
		};
		E15294D61E38417F000E6D69 = {
			isa = PBXGroup;
			children = (
				E15294E11E384180000E6D69 /* TelstraAssignment */,
				E15294E01E384180000E6D69 /* Products */,
				11A74CEB5FD44C1F89464CA2 /* Pods */,
				FCCFF4852616D1CFE679DDEC /* Frameworks */,
			);
			sourceTree = "<group>";
		};
		E15294E01E384180000E6D69 /* Products */ = {
			isa = PBXGroup;
			children = (
				E15294DF1E38417F000E6D69 /* TelstraAssignment.app */,
			);
			name = Products;
			sourceTree = "<group>";
		};
		E15294E11E384180000E6D69 /* TelstraAssignment */ = {
			isa = PBXGroup;
			children = (
				E13DE4291E384CE000F11DD3 /* Models */,
				E13DE4281E384CD100F11DD3 /* Handlers */,
				E13DE4271E384CA800F11DD3 /* CustomViews */,
				E13DE4241E384C8600F11DD3 /* ViewControllers */,
				E15294E51E384180000E6D69 /* AppDelegate.h */,
				E15294E61E384180000E6D69 /* AppDelegate.m */,
				E15294E81E384180000E6D69 /* ViewController.h */,
				E15294E91E384180000E6D69 /* ViewController.m */,
				E15294EB1E384180000E6D69 /* Main.storyboard */,
				E15294EE1E384180000E6D69 /* Assets.xcassets */,
				E15294F01E384180000E6D69 /* LaunchScreen.storyboard */,
				E15294F31E384180000E6D69 /* Info.plist */,
				E15294E21E384180000E6D69 /* Supporting Files */,
				E13DE42D1E385AEC00F11DD3 /* Constant.h */,
			);
			path = TelstraAssignment;
			sourceTree = "<group>";
		};
		E15294E21E384180000E6D69 /* Supporting Files */ = {
			isa = PBXGroup;
			children = (
				E15294E31E384180000E6D69 /* main.m */,
			);
			name = "Supporting Files";
			sourceTree = "<group>";
		};
		FCCFF4852616D1CFE679DDEC /* Frameworks */ = {
			isa = PBXGroup;
			children = (
				E1E10EE61E392B9900C7A4F8 /* SystemConfiguration.framework */,
				1388DF7DBF8548495A13D8A1 /* libPods-TelstraAssignment.a */,
			);
			name = Frameworks;
			sourceTree = "<group>";
		};
/* End PBXGroup section */

/* Begin PBXNativeTarget section */
		E15294DE1E38417F000E6D69 /* TelstraAssignment */ = {
			isa = PBXNativeTarget;
			buildConfigurationList = E15294F61E384180000E6D69 /* Build configuration list for PBXNativeTarget "TelstraAssignment" */;
			buildPhases = (
				B6541ECE03C58BDD949353FD /* [CP] Check Pods Manifest.lock */,
				E15294DB1E38417F000E6D69 /* Sources */,
				E15294DC1E38417F000E6D69 /* Frameworks */,
				E15294DD1E38417F000E6D69 /* Resources */,
				B381732D4D0ECDB75EA3C810 /* [CP] Embed Pods Frameworks */,
				04AA8CE7B28DAF3BBAFAE47A /* [CP] Copy Pods Resources */,
			);
			buildRules = (
			);
			dependencies = (
			);
			name = TelstraAssignment;
			productName = TelstraAssignment;
			productReference = E15294DF1E38417F000E6D69 /* TelstraAssignment.app */;
			productType = "com.apple.product-type.application";
		};
/* End PBXNativeTarget section */

/* Begin PBXProject section */
		E15294D71E38417F000E6D69 /* Project object */ = {
			isa = PBXProject;
			attributes = {
				LastUpgradeCheck = 0800;
				ORGANIZATIONNAME = Telstra;
				TargetAttributes = {
					E15294DE1E38417F000E6D69 = {
						CreatedOnToolsVersion = 8.0;
						ProvisioningStyle = Automatic;
					};
				};
			};
			buildConfigurationList = E15294DA1E38417F000E6D69 /* Build configuration list for PBXProject "TelstraAssignment" */;
			compatibilityVersion = "Xcode 3.2";
			developmentRegion = English;
			hasScannedForEncodings = 0;
			knownRegions = (
				en,
				Base,
			);
			mainGroup = E15294D61E38417F000E6D69;
			productRefGroup = E15294E01E384180000E6D69 /* Products */;
			projectDirPath = "";
			projectRoot = "";
			targets = (
				E15294DE1E38417F000E6D69 /* TelstraAssignment */,
			);
		};
/* End PBXProject section */

/* Begin PBXResourcesBuildPhase section */
		E15294DD1E38417F000E6D69 /* Resources */ = {
			isa = PBXResourcesBuildPhase;
			buildActionMask = 2147483647;
			files = (
				E15294F21E384180000E6D69 /* LaunchScreen.storyboard in Resources */,
				E15294EF1E384180000E6D69 /* Assets.xcassets in Resources */,
				E15294ED1E384180000E6D69 /* Main.storyboard in Resources */,
			);
			runOnlyForDeploymentPostprocessing = 0;
		};
/* End PBXResourcesBuildPhase section */

/* Begin PBXShellScriptBuildPhase section */
		04AA8CE7B28DAF3BBAFAE47A /* [CP] Copy Pods Resources */ = {
			isa = PBXShellScriptBuildPhase;
			buildActionMask = 2147483647;
			files = (
			);
			inputPaths = (
			);
			name = "[CP] Copy Pods Resources";
			outputPaths = (
			);
			runOnlyForDeploymentPostprocessing = 0;
			shellPath = /bin/sh;
			shellScript = "\"${SRCROOT}/Pods/Target Support Files/Pods-TelstraAssignment/Pods-TelstraAssignment-resources.sh\"\n";
			showEnvVarsInLog = 0;
		};
		B381732D4D0ECDB75EA3C810 /* [CP] Embed Pods Frameworks */ = {
			isa = PBXShellScriptBuildPhase;
			buildActionMask = 2147483647;
			files = (
			);
			inputPaths = (
			);
			name = "[CP] Embed Pods Frameworks";
			outputPaths = (
			);
			runOnlyForDeploymentPostprocessing = 0;
			shellPath = /bin/sh;
			shellScript = "\"${SRCROOT}/Pods/Target Support Files/Pods-TelstraAssignment/Pods-TelstraAssignment-frameworks.sh\"\n";
			showEnvVarsInLog = 0;
		};
		B6541ECE03C58BDD949353FD /* [CP] Check Pods Manifest.lock */ = {
			isa = PBXShellScriptBuildPhase;
			buildActionMask = 2147483647;
			files = (
			);
			inputPaths = (
			);
			name = "[CP] Check Pods Manifest.lock";
			outputPaths = (
			);
			runOnlyForDeploymentPostprocessing = 0;
			shellPath = /bin/sh;
			shellScript = "diff \"${PODS_ROOT}/../Podfile.lock\" \"${PODS_ROOT}/Manifest.lock\" > /dev/null\nif [ $? != 0 ] ; then\n    # print error to STDERR\n    echo \"error: The sandbox is not in sync with the Podfile.lock. Run 'pod install' or update your CocoaPods installation.\" >&2\n    exit 1\nfi\n";
			showEnvVarsInLog = 0;
		};
/* End PBXShellScriptBuildPhase section */

/* Begin PBXSourcesBuildPhase section */
		E15294DB1E38417F000E6D69 /* Sources */ = {
			isa = PBXSourcesBuildPhase;
			buildActionMask = 2147483647;
			files = (
				E15954A31E3943BE00562513 /* TableData.m in Sources */,
				E15294EA1E384180000E6D69 /* ViewController.m in Sources */,
				E13DE42B1E384D4400F11DD3 /* LazyLoadTableView.m in Sources */,
				E15294E71E384180000E6D69 /* AppDelegate.m in Sources */,
				E15294E41E384180000E6D69 /* main.m in Sources */,
				E1E10EDC1E39258900C7A4F8 /* ConnectionHandler.m in Sources */,
			);
			runOnlyForDeploymentPostprocessing = 0;
		};
/* End PBXSourcesBuildPhase section */

/* Begin PBXVariantGroup section */
		E15294EB1E384180000E6D69 /* Main.storyboard */ = {
			isa = PBXVariantGroup;
			children = (
				E15294EC1E384180000E6D69 /* Base */,
			);
			name = Main.storyboard;
			sourceTree = "<group>";
		};
		E15294F01E384180000E6D69 /* LaunchScreen.storyboard */ = {
			isa = PBXVariantGroup;
			children = (
				E15294F11E384180000E6D69 /* Base */,
			);
			name = LaunchScreen.storyboard;
			sourceTree = "<group>";
		};
/* End PBXVariantGroup section */

/* Begin XCBuildConfiguration section */
		E15294F41E384180000E6D69 /* Debug */ = {
			isa = XCBuildConfiguration;
			buildSettings = {
				ALWAYS_SEARCH_USER_PATHS = NO;
				CLANG_ANALYZER_NONNULL = YES;
				CLANG_CXX_LANGUAGE_STANDARD = "gnu++0x";
				CLANG_CXX_LIBRARY = "libc++";
				CLANG_ENABLE_MODULES = YES;
				CLANG_ENABLE_OBJC_ARC = YES;
				CLANG_WARN_BOOL_CONVERSION = YES;
				CLANG_WARN_CONSTANT_CONVERSION = YES;
				CLANG_WARN_DIRECT_OBJC_ISA_USAGE = YES_ERROR;
				CLANG_WARN_DOCUMENTATION_COMMENTS = YES;
				CLANG_WARN_EMPTY_BODY = YES;
				CLANG_WARN_ENUM_CONVERSION = YES;
				CLANG_WARN_INFINITE_RECURSION = YES;
				CLANG_WARN_INT_CONVERSION = YES;
				CLANG_WARN_OBJC_ROOT_CLASS = YES_ERROR;
				CLANG_WARN_SUSPICIOUS_MOVES = YES;
				CLANG_WARN_UNREACHABLE_CODE = YES;
				CLANG_WARN__DUPLICATE_METHOD_MATCH = YES;
				"CODE_SIGN_IDENTITY[sdk=iphoneos*]" = "iPhone Developer";
				COPY_PHASE_STRIP = NO;
				DEBUG_INFORMATION_FORMAT = dwarf;
				ENABLE_STRICT_OBJC_MSGSEND = YES;
				ENABLE_TESTABILITY = YES;
				GCC_C_LANGUAGE_STANDARD = gnu99;
				GCC_DYNAMIC_NO_PIC = NO;
				GCC_NO_COMMON_BLOCKS = YES;
				GCC_OPTIMIZATION_LEVEL = 0;
				GCC_PREPROCESSOR_DEFINITIONS = (
					"DEBUG=1",
					"$(inherited)",
				);
				GCC_WARN_64_TO_32_BIT_CONVERSION = YES;
				GCC_WARN_ABOUT_RETURN_TYPE = YES_ERROR;
				GCC_WARN_UNDECLARED_SELECTOR = YES;
				GCC_WARN_UNINITIALIZED_AUTOS = YES_AGGRESSIVE;
				GCC_WARN_UNUSED_FUNCTION = YES;
				GCC_WARN_UNUSED_VARIABLE = YES;
				IPHONEOS_DEPLOYMENT_TARGET = 10.0;
				MTL_ENABLE_DEBUG_INFO = YES;
				ONLY_ACTIVE_ARCH = YES;
				SDKROOT = iphoneos;
				TARGETED_DEVICE_FAMILY = "1,2";
			};
			name = Debug;
		};
		E15294F51E384180000E6D69 /* Release */ = {
			isa = XCBuildConfiguration;
			buildSettings = {
				ALWAYS_SEARCH_USER_PATHS = NO;
				CLANG_ANALYZER_NONNULL = YES;
				CLANG_CXX_LANGUAGE_STANDARD = "gnu++0x";
				CLANG_CXX_LIBRARY = "libc++";
				CLANG_ENABLE_MODULES = YES;
				CLANG_ENABLE_OBJC_ARC = YES;
				CLANG_WARN_BOOL_CONVERSION = YES;
				CLANG_WARN_CONSTANT_CONVERSION = YES;
				CLANG_WARN_DIRECT_OBJC_ISA_USAGE = YES_ERROR;
				CLANG_WARN_DOCUMENTATION_COMMENTS = YES;
				CLANG_WARN_EMPTY_BODY = YES;
				CLANG_WARN_ENUM_CONVERSION = YES;
				CLANG_WARN_INFINITE_RECURSION = YES;
				CLANG_WARN_INT_CONVERSION = YES;
				CLANG_WARN_OBJC_ROOT_CLASS = YES_ERROR;
				CLANG_WARN_SUSPICIOUS_MOVES = YES;
				CLANG_WARN_UNREACHABLE_CODE = YES;
				CLANG_WARN__DUPLICATE_METHOD_MATCH = YES;
				"CODE_SIGN_IDENTITY[sdk=iphoneos*]" = "iPhone Developer";
				COPY_PHASE_STRIP = NO;
				DEBUG_INFORMATION_FORMAT = "dwarf-with-dsym";
				ENABLE_NS_ASSERTIONS = NO;
				ENABLE_STRICT_OBJC_MSGSEND = YES;
				GCC_C_LANGUAGE_STANDARD = gnu99;
				GCC_NO_COMMON_BLOCKS = YES;
				GCC_WARN_64_TO_32_BIT_CONVERSION = YES;
				GCC_WARN_ABOUT_RETURN_TYPE = YES_ERROR;
				GCC_WARN_UNDECLARED_SELECTOR = YES;
				GCC_WARN_UNINITIALIZED_AUTOS = YES_AGGRESSIVE;
				GCC_WARN_UNUSED_FUNCTION = YES;
				GCC_WARN_UNUSED_VARIABLE = YES;
				IPHONEOS_DEPLOYMENT_TARGET = 10.0;
				MTL_ENABLE_DEBUG_INFO = NO;
				SDKROOT = iphoneos;
				TARGETED_DEVICE_FAMILY = "1,2";
				VALIDATE_PRODUCT = YES;
			};
			name = Release;
		};
		E15294F71E384180000E6D69 /* Debug */ = {
			isa = XCBuildConfiguration;
			baseConfigurationReference = 7D9DB840B6EFF537028A0450 /* Pods-TelstraAssignment.debug.xcconfig */;
			buildSettings = {
				ASSETCATALOG_COMPILER_APPICON_NAME = AppIcon;
				INFOPLIST_FILE = TelstraAssignment/Info.plist;
				LD_RUNPATH_SEARCH_PATHS = "$(inherited) @executable_path/Frameworks";
				PRODUCT_BUNDLE_IDENTIFIER = Telstra.TelstraAssignment;
				PRODUCT_NAME = "$(TARGET_NAME)";
			};
			name = Debug;
		};
		E15294F81E384180000E6D69 /* Release */ = {
			isa = XCBuildConfiguration;
			baseConfigurationReference = A6635E4C8DCE014E9BFE5695 /* Pods-TelstraAssignment.release.xcconfig */;
			buildSettings = {
				ASSETCATALOG_COMPILER_APPICON_NAME = AppIcon;
				INFOPLIST_FILE = TelstraAssignment/Info.plist;
				LD_RUNPATH_SEARCH_PATHS = "$(inherited) @executable_path/Frameworks";
				PRODUCT_BUNDLE_IDENTIFIER = Telstra.TelstraAssignment;
				PRODUCT_NAME = "$(TARGET_NAME)";
			};
			name = Release;
		};
/* End XCBuildConfiguration section */

/* Begin XCConfigurationList section */
		E15294DA1E38417F000E6D69 /* Build configuration list for PBXProject "TelstraAssignment" */ = {
			isa = XCConfigurationList;
			buildConfigurations = (
				E15294F41E384180000E6D69 /* Debug */,
				E15294F51E384180000E6D69 /* Release */,
			);
			defaultConfigurationIsVisible = 0;
			defaultConfigurationName = Release;
		};
		E15294F61E384180000E6D69 /* Build configuration list for PBXNativeTarget "TelstraAssignment" */ = {
			isa = XCConfigurationList;
			buildConfigurations = (
				E15294F71E384180000E6D69 /* Debug */,
				E15294F81E384180000E6D69 /* Release */,
			);
			defaultConfigurationIsVisible = 0;
			defaultConfigurationName = Release;
		};
/* End XCConfigurationList section */
	};
	rootObject = E15294D71E38417F000E6D69 /* Project object */;
}
